// !$*UTF8*$!
{
	archiveVersion = 1;
	classes = {
	};
	objectVersion = 50;
	objects = {

/* Begin PBXBuildFile section */
		6403BEF0230844DC001249B2 /* MoneyManagerTests.swift in Sources */ = {isa = PBXBuildFile; fileRef = 6403BEEF230844DC001249B2 /* MoneyManagerTests.swift */; };
		6403BEF223084A73001249B2 /* ExtentionTests.swift in Sources */ = {isa = PBXBuildFile; fileRef = 6403BEF123084A73001249B2 /* ExtentionTests.swift */; };
		6405C4A122ACDA2700D97428 /* Extension.swift in Sources */ = {isa = PBXBuildFile; fileRef = 6405C4A022ACDA2700D97428 /* Extension.swift */; };
		6410BDA222D36F1F003E102A /* MoneyViewController.swift in Sources */ = {isa = PBXBuildFile; fileRef = 6410BDA122D36F1F003E102A /* MoneyViewController.swift */; };
		6413F43C229EB756000D0C64 /* TranslationVC.swift in Sources */ = {isa = PBXBuildFile; fileRef = 6413F43B229EB756000D0C64 /* TranslationVC.swift */; };
		6414A74822A14584006774D6 /* WeatherTests.swift in Sources */ = {isa = PBXBuildFile; fileRef = 6414A74722A14584006774D6 /* WeatherTests.swift */; };
		6414A75022A14603006774D6 /* Weather.json in Resources */ = {isa = PBXBuildFile; fileRef = 6414A74F22A14602006774D6 /* Weather.json */; };
		6414A75222A14652006774D6 /* FakeResponceData.swift in Sources */ = {isa = PBXBuildFile; fileRef = 6414A75122A14652006774D6 /* FakeResponceData.swift */; };
		6417312922BA6C4E00916753 /* MoneyManager.swift in Sources */ = {isa = PBXBuildFile; fileRef = 6417312822BA6C4E00916753 /* MoneyManager.swift */; };
		6422C5B222DF5A4800426B11 /* API.plist in Resources */ = {isa = PBXBuildFile; fileRef = 6422C5B122DF5A4800426B11 /* API.plist */; };
		643DAF3622FF06CE00EFF22D /* WeatherForcastTests.swift in Sources */ = {isa = PBXBuildFile; fileRef = 643DAF3522FF06CE00EFF22D /* WeatherForcastTests.swift */; };
		643DAF3822FF06E800EFF22D /* MoneyTests.swift in Sources */ = {isa = PBXBuildFile; fileRef = 643DAF3722FF06E800EFF22D /* MoneyTests.swift */; };
		643DAF3A22FF070400EFF22D /* TranslationTests.swift in Sources */ = {isa = PBXBuildFile; fileRef = 643DAF3922FF070400EFF22D /* TranslationTests.swift */; };
		6445CA3D22DF5F4100CAD6E6 /* API.swift in Sources */ = {isa = PBXBuildFile; fileRef = 6445CA3C22DF5F4100CAD6E6 /* API.swift */; };
		645856E1229BE311006D526D /* Protocols.swift in Sources */ = {isa = PBXBuildFile; fileRef = 645856E0229BE311006D526D /* Protocols.swift */; };
		645856E4229BE3B8006D526D /* LocationService.swift in Sources */ = {isa = PBXBuildFile; fileRef = 645856E3229BE3B8006D526D /* LocationService.swift */; };
		647880BC230537390026E6A8 /* ForcastDataJSON.swift in Sources */ = {isa = PBXBuildFile; fileRef = 647880B9230537390026E6A8 /* ForcastDataJSON.swift */; };
		647880BD230537390026E6A8 /* WeatherService.swift in Sources */ = {isa = PBXBuildFile; fileRef = 647880BA230537390026E6A8 /* WeatherService.swift */; };
		647880BE230537390026E6A8 /* WeatherDataJSON.swift in Sources */ = {isa = PBXBuildFile; fileRef = 647880BB230537390026E6A8 /* WeatherDataJSON.swift */; };
		647880C2230540020026E6A8 /* ForcastService.swift in Sources */ = {isa = PBXBuildFile; fileRef = 647880C1230540020026E6A8 /* ForcastService.swift */; };
		647880C4230548F70026E6A8 /* MoneyService.swift in Sources */ = {isa = PBXBuildFile; fileRef = 647880C3230548F70026E6A8 /* MoneyService.swift */; };
		648351EA23034226005BC151 /* TranslationService.swift in Sources */ = {isa = PBXBuildFile; fileRef = 648351E923034226005BC151 /* TranslationService.swift */; };
		648351F0230345AB005BC151 /* TraductionTableViewCell.swift in Sources */ = {isa = PBXBuildFile; fileRef = 648351EF230345AB005BC151 /* TraductionTableViewCell.swift */; };
		648AC49F2306F8F700408F8E /* ErrorService.swift in Sources */ = {isa = PBXBuildFile; fileRef = 648AC49E2306F8F700408F8E /* ErrorService.swift */; };
		64BEB9AE22F9579200CAB9B8 /* Translation.json in Resources */ = {isa = PBXBuildFile; fileRef = 64BEB9AD22F9579200CAB9B8 /* Translation.json */; };
		64BEB9B022F95C0900CAB9B8 /* URLSessionFake.swift in Sources */ = {isa = PBXBuildFile; fileRef = 64BEB9AF22F95C0900CAB9B8 /* URLSessionFake.swift */; };
		64DFD8D122E1BDC400667849 /* MoneyUITableViewController.swift in Sources */ = {isa = PBXBuildFile; fileRef = 64DFD8D022E1BDC400667849 /* MoneyUITableViewController.swift */; };
		64DFD8D322E1C48F00667849 /* MoneyTableViewCell.swift in Sources */ = {isa = PBXBuildFile; fileRef = 64DFD8D222E1C48F00667849 /* MoneyTableViewCell.swift */; };
		64DFD8D822E783DE00667849 /* LanguageUITableViewController.swift in Sources */ = {isa = PBXBuildFile; fileRef = 64DFD8D722E783DE00667849 /* LanguageUITableViewController.swift */; };
		64DFD8DA22E7840000667849 /* LanguageTableViewCell.swift in Sources */ = {isa = PBXBuildFile; fileRef = 64DFD8D922E7840000667849 /* LanguageTableViewCell.swift */; };
		64E0BA8B229731D5005F4536 /* AppDelegate.swift in Sources */ = {isa = PBXBuildFile; fileRef = 64E0BA8A229731D5005F4536 /* AppDelegate.swift */; };
		64E0BA8D229731D5005F4536 /* WeatherViewController.swift in Sources */ = {isa = PBXBuildFile; fileRef = 64E0BA8C229731D5005F4536 /* WeatherViewController.swift */; };
		64E0BA90229731D5005F4536 /* Main.storyboard in Resources */ = {isa = PBXBuildFile; fileRef = 64E0BA8E229731D5005F4536 /* Main.storyboard */; };
		64E0BA92229731D6005F4536 /* Assets.xcassets in Resources */ = {isa = PBXBuildFile; fileRef = 64E0BA91229731D6005F4536 /* Assets.xcassets */; };
		64E0BA95229731D6005F4536 /* LaunchScreen.storyboard in Resources */ = {isa = PBXBuildFile; fileRef = 64E0BA93229731D6005F4536 /* LaunchScreen.storyboard */; };
		64E0E6BA22DCCA3100FDA848 /* MoneyJSON.swift in Sources */ = {isa = PBXBuildFile; fileRef = 64E0E6B922DCCA3100FDA848 /* MoneyJSON.swift */; };
		64E0E6BE22DCCA8800FDA848 /* Money.json in Resources */ = {isa = PBXBuildFile; fileRef = 64E0E6BD22DCCA8800FDA848 /* Money.json */; };
		64E0E6C022DCCAD900FDA848 /* Forcast.json in Resources */ = {isa = PBXBuildFile; fileRef = 64E0E6BF22DCCAD900FDA848 /* Forcast.json */; };
		64F8739B22E78516001D85A3 /* TranslationDataJSON.swift in Sources */ = {isa = PBXBuildFile; fileRef = 64F8739A22E78516001D85A3 /* TranslationDataJSON.swift */; };
/* End PBXBuildFile section */

/* Begin PBXContainerItemProxy section */
		6414A74A22A14584006774D6 /* PBXContainerItemProxy */ = {
			isa = PBXContainerItemProxy;
			containerPortal = 64E0BA7F229731D5005F4536 /* Project object */;
			proxyType = 1;
			remoteGlobalIDString = 64E0BA86229731D5005F4536;
			remoteInfo = VoyageVoyage;
		};
/* End PBXContainerItemProxy section */

/* Begin PBXFileReference section */
		6403BEEF230844DC001249B2 /* MoneyManagerTests.swift */ = {isa = PBXFileReference; lastKnownFileType = sourcecode.swift; path = MoneyManagerTests.swift; sourceTree = "<group>"; };
		6403BEF123084A73001249B2 /* ExtentionTests.swift */ = {isa = PBXFileReference; lastKnownFileType = sourcecode.swift; path = ExtentionTests.swift; sourceTree = "<group>"; };
		6405C4A022ACDA2700D97428 /* Extension.swift */ = {isa = PBXFileReference; lastKnownFileType = sourcecode.swift; path = Extension.swift; sourceTree = "<group>"; };
		6410BDA122D36F1F003E102A /* MoneyViewController.swift */ = {isa = PBXFileReference; lastKnownFileType = sourcecode.swift; path = MoneyViewController.swift; sourceTree = "<group>"; };
		6413F43B229EB756000D0C64 /* TranslationVC.swift */ = {isa = PBXFileReference; lastKnownFileType = sourcecode.swift; path = TranslationVC.swift; sourceTree = "<group>"; };
		6414A74522A14584006774D6 /* VoyageVoyageTests.xctest */ = {isa = PBXFileReference; explicitFileType = wrapper.cfbundle; includeInIndex = 0; path = VoyageVoyageTests.xctest; sourceTree = BUILT_PRODUCTS_DIR; };
		6414A74722A14584006774D6 /* WeatherTests.swift */ = {isa = PBXFileReference; lastKnownFileType = sourcecode.swift; path = WeatherTests.swift; sourceTree = "<group>"; };
		6414A74922A14584006774D6 /* Info.plist */ = {isa = PBXFileReference; lastKnownFileType = text.plist.xml; path = Info.plist; sourceTree = "<group>"; };
		6414A74F22A14602006774D6 /* Weather.json */ = {isa = PBXFileReference; lastKnownFileType = text.json; path = Weather.json; sourceTree = "<group>"; };
		6414A75122A14652006774D6 /* FakeResponceData.swift */ = {isa = PBXFileReference; lastKnownFileType = sourcecode.swift; path = FakeResponceData.swift; sourceTree = "<group>"; };
		6417312822BA6C4E00916753 /* MoneyManager.swift */ = {isa = PBXFileReference; lastKnownFileType = sourcecode.swift; path = MoneyManager.swift; sourceTree = "<group>"; };
		6422C5B122DF5A4800426B11 /* API.plist */ = {isa = PBXFileReference; lastKnownFileType = text.plist.xml; name = API.plist; path = VoyageVoyage/GitIgnore/API.plist; sourceTree = "<group>"; };
		643DAF3522FF06CE00EFF22D /* WeatherForcastTests.swift */ = {isa = PBXFileReference; lastKnownFileType = sourcecode.swift; path = WeatherForcastTests.swift; sourceTree = "<group>"; };
		643DAF3722FF06E800EFF22D /* MoneyTests.swift */ = {isa = PBXFileReference; lastKnownFileType = sourcecode.swift; path = MoneyTests.swift; sourceTree = "<group>"; };
		643DAF3922FF070400EFF22D /* TranslationTests.swift */ = {isa = PBXFileReference; lastKnownFileType = sourcecode.swift; path = TranslationTests.swift; sourceTree = "<group>"; };
		6445CA3C22DF5F4100CAD6E6 /* API.swift */ = {isa = PBXFileReference; lastKnownFileType = sourcecode.swift; name = API.swift; path = VoyageVoyage/API.swift; sourceTree = "<group>"; };
		645856E0229BE311006D526D /* Protocols.swift */ = {isa = PBXFileReference; lastKnownFileType = sourcecode.swift; path = Protocols.swift; sourceTree = "<group>"; };
		645856E3229BE3B8006D526D /* LocationService.swift */ = {isa = PBXFileReference; lastKnownFileType = sourcecode.swift; path = LocationService.swift; sourceTree = "<group>"; };
		647880B9230537390026E6A8 /* ForcastDataJSON.swift */ = {isa = PBXFileReference; fileEncoding = 4; lastKnownFileType = sourcecode.swift; path = ForcastDataJSON.swift; sourceTree = "<group>"; };
		647880BA230537390026E6A8 /* WeatherService.swift */ = {isa = PBXFileReference; fileEncoding = 4; lastKnownFileType = sourcecode.swift; path = WeatherService.swift; sourceTree = "<group>"; };
		647880BB230537390026E6A8 /* WeatherDataJSON.swift */ = {isa = PBXFileReference; fileEncoding = 4; lastKnownFileType = sourcecode.swift; path = WeatherDataJSON.swift; sourceTree = "<group>"; };
		647880C1230540020026E6A8 /* ForcastService.swift */ = {isa = PBXFileReference; lastKnownFileType = sourcecode.swift; path = ForcastService.swift; sourceTree = "<group>"; };
		647880C3230548F70026E6A8 /* MoneyService.swift */ = {isa = PBXFileReference; lastKnownFileType = sourcecode.swift; path = MoneyService.swift; sourceTree = "<group>"; };
		648351E923034226005BC151 /* TranslationService.swift */ = {isa = PBXFileReference; lastKnownFileType = sourcecode.swift; path = TranslationService.swift; sourceTree = "<group>"; };
		648351EF230345AB005BC151 /* TraductionTableViewCell.swift */ = {isa = PBXFileReference; lastKnownFileType = sourcecode.swift; path = TraductionTableViewCell.swift; sourceTree = "<group>"; };
		648AC49E2306F8F700408F8E /* ErrorService.swift */ = {isa = PBXFileReference; lastKnownFileType = sourcecode.swift; path = ErrorService.swift; sourceTree = "<group>"; };
		64BEB9AD22F9579200CAB9B8 /* Translation.json */ = {isa = PBXFileReference; lastKnownFileType = text.json; path = Translation.json; sourceTree = "<group>"; };
		64BEB9AF22F95C0900CAB9B8 /* URLSessionFake.swift */ = {isa = PBXFileReference; lastKnownFileType = sourcecode.swift; path = URLSessionFake.swift; sourceTree = "<group>"; };
		64DFD8D022E1BDC400667849 /* MoneyUITableViewController.swift */ = {isa = PBXFileReference; lastKnownFileType = sourcecode.swift; path = MoneyUITableViewController.swift; sourceTree = "<group>"; };
		64DFD8D222E1C48F00667849 /* MoneyTableViewCell.swift */ = {isa = PBXFileReference; lastKnownFileType = sourcecode.swift; path = MoneyTableViewCell.swift; sourceTree = "<group>"; };
		64DFD8D722E783DE00667849 /* LanguageUITableViewController.swift */ = {isa = PBXFileReference; lastKnownFileType = sourcecode.swift; path = LanguageUITableViewController.swift; sourceTree = "<group>"; };
		64DFD8D922E7840000667849 /* LanguageTableViewCell.swift */ = {isa = PBXFileReference; lastKnownFileType = sourcecode.swift; path = LanguageTableViewCell.swift; sourceTree = "<group>"; };
		64E0BA87229731D5005F4536 /* VoyageVoyage.app */ = {isa = PBXFileReference; explicitFileType = wrapper.application; includeInIndex = 0; path = VoyageVoyage.app; sourceTree = BUILT_PRODUCTS_DIR; };
		64E0BA8A229731D5005F4536 /* AppDelegate.swift */ = {isa = PBXFileReference; lastKnownFileType = sourcecode.swift; path = AppDelegate.swift; sourceTree = "<group>"; };
		64E0BA8C229731D5005F4536 /* WeatherViewController.swift */ = {isa = PBXFileReference; lastKnownFileType = sourcecode.swift; path = WeatherViewController.swift; sourceTree = "<group>"; };
		64E0BA8F229731D5005F4536 /* Base */ = {isa = PBXFileReference; lastKnownFileType = file.storyboard; name = Base; path = Base.lproj/Main.storyboard; sourceTree = "<group>"; };
		64E0BA91229731D6005F4536 /* Assets.xcassets */ = {isa = PBXFileReference; lastKnownFileType = folder.assetcatalog; path = Assets.xcassets; sourceTree = "<group>"; };
		64E0BA94229731D6005F4536 /* Base */ = {isa = PBXFileReference; lastKnownFileType = file.storyboard; name = Base; path = Base.lproj/LaunchScreen.storyboard; sourceTree = "<group>"; };
		64E0BA96229731D6005F4536 /* Info.plist */ = {isa = PBXFileReference; lastKnownFileType = text.plist.xml; path = Info.plist; sourceTree = "<group>"; };
		64E0E6B922DCCA3100FDA848 /* MoneyJSON.swift */ = {isa = PBXFileReference; lastKnownFileType = sourcecode.swift; path = MoneyJSON.swift; sourceTree = "<group>"; };
		64E0E6BD22DCCA8800FDA848 /* Money.json */ = {isa = PBXFileReference; lastKnownFileType = text.json; path = Money.json; sourceTree = "<group>"; };
		64E0E6BF22DCCAD900FDA848 /* Forcast.json */ = {isa = PBXFileReference; lastKnownFileType = text.json; path = Forcast.json; sourceTree = "<group>"; };
		64F8739A22E78516001D85A3 /* TranslationDataJSON.swift */ = {isa = PBXFileReference; lastKnownFileType = sourcecode.swift; path = TranslationDataJSON.swift; sourceTree = "<group>"; };
/* End PBXFileReference section */

/* Begin PBXFrameworksBuildPhase section */
		6414A74222A14584006774D6 /* Frameworks */ = {
			isa = PBXFrameworksBuildPhase;
			buildActionMask = 2147483647;
			files = (
			);
			runOnlyForDeploymentPostprocessing = 0;
		};
		64E0BA84229731D5005F4536 /* Frameworks */ = {
			isa = PBXFrameworksBuildPhase;
			buildActionMask = 2147483647;
			files = (
			);
			runOnlyForDeploymentPostprocessing = 0;
		};
/* End PBXFrameworksBuildPhase section */

/* Begin PBXGroup section */
		6405C4A222ACDA2C00D97428 /* Extensions */ = {
			isa = PBXGroup;
			children = (
				6405C4A022ACDA2700D97428 /* Extension.swift */,
			);
			path = Extensions;
			sourceTree = "<group>";
		};
		6414A74622A14584006774D6 /* VoyageVoyageTests */ = {
			isa = PBXGroup;
			children = (
				6414A74922A14584006774D6 /* Info.plist */,
				6414A74722A14584006774D6 /* WeatherTests.swift */,
				643DAF3522FF06CE00EFF22D /* WeatherForcastTests.swift */,
				643DAF3722FF06E800EFF22D /* MoneyTests.swift */,
				643DAF3922FF070400EFF22D /* TranslationTests.swift */,
				6403BEF123084A73001249B2 /* ExtentionTests.swift */,
				6403BEEF230844DC001249B2 /* MoneyManagerTests.swift */,
				643DAF3422FF063B00EFF22D /* FakeService */,
				643DAF3322FF05FC00EFF22D /* JSONData */,
			);
			path = VoyageVoyageTests;
			sourceTree = "<group>";
		};
		643DAF3322FF05FC00EFF22D /* JSONData */ = {
			isa = PBXGroup;
			children = (
				6414A74F22A14602006774D6 /* Weather.json */,
				64E0E6BF22DCCAD900FDA848 /* Forcast.json */,
				64E0E6BD22DCCA8800FDA848 /* Money.json */,
				64BEB9AD22F9579200CAB9B8 /* Translation.json */,
			);
			path = JSONData;
			sourceTree = "<group>";
		};
		643DAF3422FF063B00EFF22D /* FakeService */ = {
			isa = PBXGroup;
			children = (
				6414A75122A14652006774D6 /* FakeResponceData.swift */,
				64BEB9AF22F95C0900CAB9B8 /* URLSessionFake.swift */,
			);
			path = FakeService;
			sourceTree = "<group>";
		};
		645856DD229BE10C006D526D /* Model */ = {
			isa = PBXGroup;
			children = (
				64DFD8D422E7837600667849 /* Services */,
				647880B8230537390026E6A8 /* Weather */,
				64F8739922E7845B001D85A3 /* MoneyExchange */,
				64F8739C22E78695001D85A3 /* Translation */,
			);
			path = Model;
			sourceTree = "<group>";
		};
		645856DE229BE117006D526D /* View */ = {
			isa = PBXGroup;
			children = (
				64E0BA8E229731D5005F4536 /* Main.storyboard */,
				64E0BA93229731D6005F4536 /* LaunchScreen.storyboard */,
			);
			path = View;
			sourceTree = "<group>";
		};
		645856DF229BE120006D526D /* Controler */ = {
			isa = PBXGroup;
			children = (
				64F873A122E79439001D85A3 /* Weather */,
				64F8739F22E786EF001D85A3 /* MoneyExchange */,
				64F873A022E786FA001D85A3 /* Translation */,
			);
			path = Controler;
			sourceTree = "<group>";
		};
		645856E2229BE318006D526D /* Protocols */ = {
			isa = PBXGroup;
			children = (
				645856E0229BE311006D526D /* Protocols.swift */,
			);
			path = Protocols;
			sourceTree = "<group>";
		};
		647880B8230537390026E6A8 /* Weather */ = {
			isa = PBXGroup;
			children = (
				647880BA230537390026E6A8 /* WeatherService.swift */,
				647880BB230537390026E6A8 /* WeatherDataJSON.swift */,
				647880C1230540020026E6A8 /* ForcastService.swift */,
				647880B9230537390026E6A8 /* ForcastDataJSON.swift */,
			);
			path = Weather;
			sourceTree = "<group>";
		};
		64DFD8D422E7837600667849 /* Services */ = {
			isa = PBXGroup;
			children = (
				645856E3229BE3B8006D526D /* LocationService.swift */,
				648AC49E2306F8F700408F8E /* ErrorService.swift */,
			);
			path = Services;
			sourceTree = "<group>";
		};
		64E0BA7E229731D5005F4536 = {
			isa = PBXGroup;
			children = (
				6445CA3C22DF5F4100CAD6E6 /* API.swift */,
				6422C5B122DF5A4800426B11 /* API.plist */,
				64E0BA89229731D5005F4536 /* VoyageVoyage */,
				6414A74622A14584006774D6 /* VoyageVoyageTests */,
				64E0BA88229731D5005F4536 /* Products */,
				B2C745F2B2E05393CAF9CDE4 /* Frameworks */,
			);
			sourceTree = "<group>";
		};
		64E0BA88229731D5005F4536 /* Products */ = {
			isa = PBXGroup;
			children = (
				64E0BA87229731D5005F4536 /* VoyageVoyage.app */,
				6414A74522A14584006774D6 /* VoyageVoyageTests.xctest */,
			);
			name = Products;
			sourceTree = "<group>";
		};
		64E0BA89229731D5005F4536 /* VoyageVoyage */ = {
			isa = PBXGroup;
			children = (
				6405C4A222ACDA2C00D97428 /* Extensions */,
				645856E2229BE318006D526D /* Protocols */,
				645856DE229BE117006D526D /* View */,
				645856DF229BE120006D526D /* Controler */,
				645856DD229BE10C006D526D /* Model */,
				64E0BA8A229731D5005F4536 /* AppDelegate.swift */,
				64E0BA96229731D6005F4536 /* Info.plist */,
				64E0BA91229731D6005F4536 /* Assets.xcassets */,
			);
			path = VoyageVoyage;
			sourceTree = "<group>";
		};
		64F8739922E7845B001D85A3 /* MoneyExchange */ = {
			isa = PBXGroup;
			children = (
				647880C3230548F70026E6A8 /* MoneyService.swift */,
				6417312822BA6C4E00916753 /* MoneyManager.swift */,
				64E0E6B922DCCA3100FDA848 /* MoneyJSON.swift */,
			);
			path = MoneyExchange;
			sourceTree = "<group>";
		};
		64F8739C22E78695001D85A3 /* Translation */ = {
			isa = PBXGroup;
			children = (
				648351E923034226005BC151 /* TranslationService.swift */,
				64F8739A22E78516001D85A3 /* TranslationDataJSON.swift */,
			);
			path = Translation;
			sourceTree = "<group>";
		};
		64F8739F22E786EF001D85A3 /* MoneyExchange */ = {
			isa = PBXGroup;
			children = (
				6410BDA122D36F1F003E102A /* MoneyViewController.swift */,
				64DFD8D022E1BDC400667849 /* MoneyUITableViewController.swift */,
				64DFD8D222E1C48F00667849 /* MoneyTableViewCell.swift */,
			);
			path = MoneyExchange;
			sourceTree = "<group>";
		};
		64F873A022E786FA001D85A3 /* Translation */ = {
			isa = PBXGroup;
			children = (
				6413F43B229EB756000D0C64 /* TranslationVC.swift */,
				648351EF230345AB005BC151 /* TraductionTableViewCell.swift */,
				64DFD8D722E783DE00667849 /* LanguageUITableViewController.swift */,
				64DFD8D922E7840000667849 /* LanguageTableViewCell.swift */,
			);
			path = Translation;
			sourceTree = "<group>";
		};
		64F873A122E79439001D85A3 /* Weather */ = {
			isa = PBXGroup;
			children = (
				64E0BA8C229731D5005F4536 /* WeatherViewController.swift */,
			);
			path = Weather;
			sourceTree = "<group>";
		};
		B2C745F2B2E05393CAF9CDE4 /* Frameworks */ = {
			isa = PBXGroup;
			children = (
			);
			name = Frameworks;
			sourceTree = "<group>";
		};
/* End PBXGroup section */

/* Begin PBXNativeTarget section */
		6414A74422A14584006774D6 /* VoyageVoyageTests */ = {
			isa = PBXNativeTarget;
			buildConfigurationList = 6414A74E22A14584006774D6 /* Build configuration list for PBXNativeTarget "VoyageVoyageTests" */;
			buildPhases = (
				6414A74122A14584006774D6 /* Sources */,
				6414A74222A14584006774D6 /* Frameworks */,
				6414A74322A14584006774D6 /* Resources */,
			);
			buildRules = (
			);
			dependencies = (
				6414A74B22A14584006774D6 /* PBXTargetDependency */,
			);
			name = VoyageVoyageTests;
			productName = VoyageVoyageTests;
			productReference = 6414A74522A14584006774D6 /* VoyageVoyageTests.xctest */;
			productType = "com.apple.product-type.bundle.unit-test";
		};
		64E0BA86229731D5005F4536 /* VoyageVoyage */ = {
			isa = PBXNativeTarget;
			buildConfigurationList = 64E0BA99229731D6005F4536 /* Build configuration list for PBXNativeTarget "VoyageVoyage" */;
			buildPhases = (
				64E0BA83229731D5005F4536 /* Sources */,
				64E0BA84229731D5005F4536 /* Frameworks */,
				64E0BA85229731D5005F4536 /* Resources */,
			);
			buildRules = (
			);
			dependencies = (
			);
			name = VoyageVoyage;
			productName = VoyageVoyage;
			productReference = 64E0BA87229731D5005F4536 /* VoyageVoyage.app */;
			productType = "com.apple.product-type.application";
		};
/* End PBXNativeTarget section */

/* Begin PBXProject section */
		64E0BA7F229731D5005F4536 /* Project object */ = {
			isa = PBXProject;
			attributes = {
				LastSwiftUpdateCheck = 1020;
				LastUpgradeCheck = 1020;
				ORGANIZATIONNAME = Cr3AD;
				TargetAttributes = {
					6414A74422A14584006774D6 = {
						CreatedOnToolsVersion = 10.2.1;
						TestTargetID = 64E0BA86229731D5005F4536;
					};
					64E0BA86229731D5005F4536 = {
						CreatedOnToolsVersion = 10.2.1;
					};
				};
			};
			buildConfigurationList = 64E0BA82229731D5005F4536 /* Build configuration list for PBXProject "VoyageVoyage" */;
			compatibilityVersion = "Xcode 9.3";
			developmentRegion = en;
			hasScannedForEncodings = 0;
			knownRegions = (
				en,
				Base,
			);
			mainGroup = 64E0BA7E229731D5005F4536;
			productRefGroup = 64E0BA88229731D5005F4536 /* Products */;
			projectDirPath = "";
			projectRoot = "";
			targets = (
				64E0BA86229731D5005F4536 /* VoyageVoyage */,
				6414A74422A14584006774D6 /* VoyageVoyageTests */,
			);
		};
/* End PBXProject section */

/* Begin PBXResourcesBuildPhase section */
		6414A74322A14584006774D6 /* Resources */ = {
			isa = PBXResourcesBuildPhase;
			buildActionMask = 2147483647;
			files = (
				64BEB9AE22F9579200CAB9B8 /* Translation.json in Resources */,
				6414A75022A14603006774D6 /* Weather.json in Resources */,
				64E0E6C022DCCAD900FDA848 /* Forcast.json in Resources */,
				64E0E6BE22DCCA8800FDA848 /* Money.json in Resources */,
			);
			runOnlyForDeploymentPostprocessing = 0;
		};
		64E0BA85229731D5005F4536 /* Resources */ = {
			isa = PBXResourcesBuildPhase;
			buildActionMask = 2147483647;
			files = (
				64E0BA95229731D6005F4536 /* LaunchScreen.storyboard in Resources */,
				6422C5B222DF5A4800426B11 /* API.plist in Resources */,
				64E0BA92229731D6005F4536 /* Assets.xcassets in Resources */,
				64E0BA90229731D5005F4536 /* Main.storyboard in Resources */,
			);
			runOnlyForDeploymentPostprocessing = 0;
		};
/* End PBXResourcesBuildPhase section */

/* Begin PBXSourcesBuildPhase section */
		6414A74122A14584006774D6 /* Sources */ = {
			isa = PBXSourcesBuildPhase;
			buildActionMask = 2147483647;
			files = (
				6403BEF223084A73001249B2 /* ExtentionTests.swift in Sources */,
				6414A74822A14584006774D6 /* WeatherTests.swift in Sources */,
				643DAF3A22FF070400EFF22D /* TranslationTests.swift in Sources */,
				643DAF3622FF06CE00EFF22D /* WeatherForcastTests.swift in Sources */,
				64BEB9B022F95C0900CAB9B8 /* URLSessionFake.swift in Sources */,
				643DAF3822FF06E800EFF22D /* MoneyTests.swift in Sources */,
				6403BEF0230844DC001249B2 /* MoneyManagerTests.swift in Sources */,
				6414A75222A14652006774D6 /* FakeResponceData.swift in Sources */,
			);
			runOnlyForDeploymentPostprocessing = 0;
		};
		64E0BA83229731D5005F4536 /* Sources */ = {
			isa = PBXSourcesBuildPhase;
			buildActionMask = 2147483647;
			files = (
				64E0BA8D229731D5005F4536 /* WeatherViewController.swift in Sources */,
				6405C4A122ACDA2700D97428 /* Extension.swift in Sources */,
				645856E4229BE3B8006D526D /* LocationService.swift in Sources */,
				6413F43C229EB756000D0C64 /* TranslationVC.swift in Sources */,
				647880BE230537390026E6A8 /* WeatherDataJSON.swift in Sources */,
				647880C4230548F70026E6A8 /* MoneyService.swift in Sources */,
				647880BD230537390026E6A8 /* WeatherService.swift in Sources */,
				64E0BA8B229731D5005F4536 /* AppDelegate.swift in Sources */,
				64E0E6BA22DCCA3100FDA848 /* MoneyJSON.swift in Sources */,
				64DFD8DA22E7840000667849 /* LanguageTableViewCell.swift in Sources */,
				64DFD8D822E783DE00667849 /* LanguageUITableViewController.swift in Sources */,
				6410BDA222D36F1F003E102A /* MoneyViewController.swift in Sources */,
				647880C2230540020026E6A8 /* ForcastService.swift in Sources */,
				64DFD8D122E1BDC400667849 /* MoneyUITableViewController.swift in Sources */,
				645856E1229BE311006D526D /* Protocols.swift in Sources */,
				648351F0230345AB005BC151 /* TraductionTableViewCell.swift in Sources */,
				6417312922BA6C4E00916753 /* MoneyManager.swift in Sources */,
				648AC49F2306F8F700408F8E /* ErrorService.swift in Sources */,
				647880BC230537390026E6A8 /* ForcastDataJSON.swift in Sources */,
				6445CA3D22DF5F4100CAD6E6 /* API.swift in Sources */,
				64DFD8D322E1C48F00667849 /* MoneyTableViewCell.swift in Sources */,
				648351EA23034226005BC151 /* TranslationService.swift in Sources */,
				64F8739B22E78516001D85A3 /* TranslationDataJSON.swift in Sources */,
			);
			runOnlyForDeploymentPostprocessing = 0;
		};
/* End PBXSourcesBuildPhase section */

/* Begin PBXTargetDependency section */
		6414A74B22A14584006774D6 /* PBXTargetDependency */ = {
			isa = PBXTargetDependency;
			target = 64E0BA86229731D5005F4536 /* VoyageVoyage */;
			targetProxy = 6414A74A22A14584006774D6 /* PBXContainerItemProxy */;
		};
/* End PBXTargetDependency section */

/* Begin PBXVariantGroup section */
		64E0BA8E229731D5005F4536 /* Main.storyboard */ = {
			isa = PBXVariantGroup;
			children = (
				64E0BA8F229731D5005F4536 /* Base */,
			);
			name = Main.storyboard;
			sourceTree = "<group>";
		};
		64E0BA93229731D6005F4536 /* LaunchScreen.storyboard */ = {
			isa = PBXVariantGroup;
			children = (
				64E0BA94229731D6005F4536 /* Base */,
			);
			name = LaunchScreen.storyboard;
			sourceTree = "<group>";
		};
/* End PBXVariantGroup section */

/* Begin XCBuildConfiguration section */
		6414A74C22A14584006774D6 /* Debug */ = {
			isa = XCBuildConfiguration;
			buildSettings = {
				BUNDLE_LOADER = "$(TEST_HOST)";
				CODE_SIGN_STYLE = Automatic;
				DEVELOPMENT_TEAM = 62NEBR6MGL;
				INFOPLIST_FILE = VoyageVoyageTests/Info.plist;
				LD_RUNPATH_SEARCH_PATHS = (
					"$(inherited)",
					"@executable_path/Frameworks",
					"@loader_path/Frameworks",
				);
				PRODUCT_BUNDLE_IDENTIFIER = be.Cr3AD.VoyageVoyageTests;
				PRODUCT_NAME = "$(TARGET_NAME)";
				SWIFT_VERSION = 5.0;
				TARGETED_DEVICE_FAMILY = "1,2";
				TEST_HOST = "$(BUILT_PRODUCTS_DIR)/VoyageVoyage.app/VoyageVoyage";
			};
			name = Debug;
		};
		6414A74D22A14584006774D6 /* Release */ = {
			isa = XCBuildConfiguration;
			buildSettings = {
				BUNDLE_LOADER = "$(TEST_HOST)";
				CODE_SIGN_STYLE = Automatic;
				DEVELOPMENT_TEAM = 62NEBR6MGL;
				INFOPLIST_FILE = VoyageVoyageTests/Info.plist;
				LD_RUNPATH_SEARCH_PATHS = (
					"$(inherited)",
					"@executable_path/Frameworks",
					"@loader_path/Frameworks",
				);
				PRODUCT_BUNDLE_IDENTIFIER = be.Cr3AD.VoyageVoyageTests;
				PRODUCT_NAME = "$(TARGET_NAME)";
				SWIFT_VERSION = 5.0;
				TARGETED_DEVICE_FAMILY = "1,2";
				TEST_HOST = "$(BUILT_PRODUCTS_DIR)/VoyageVoyage.app/VoyageVoyage";
			};
			name = Release;
		};
		64E0BA97229731D6005F4536 /* Debug */ = {
			isa = XCBuildConfiguration;
			buildSettings = {
				ALWAYS_SEARCH_USER_PATHS = NO;
				CLANG_ANALYZER_NONNULL = YES;
				CLANG_ANALYZER_NUMBER_OBJECT_CONVERSION = YES_AGGRESSIVE;
				CLANG_CXX_LANGUAGE_STANDARD = "gnu++14";
				CLANG_CXX_LIBRARY = "libc++";
				CLANG_ENABLE_MODULES = YES;
				CLANG_ENABLE_OBJC_ARC = YES;
				CLANG_ENABLE_OBJC_WEAK = YES;
				CLANG_WARN_BLOCK_CAPTURE_AUTORELEASING = YES;
				CLANG_WARN_BOOL_CONVERSION = YES;
				CLANG_WARN_COMMA = YES;
				CLANG_WARN_CONSTANT_CONVERSION = YES;
				CLANG_WARN_DEPRECATED_OBJC_IMPLEMENTATIONS = YES;
				CLANG_WARN_DIRECT_OBJC_ISA_USAGE = YES_ERROR;
				CLANG_WARN_DOCUMENTATION_COMMENTS = YES;
				CLANG_WARN_EMPTY_BODY = YES;
				CLANG_WARN_ENUM_CONVERSION = YES;
				CLANG_WARN_INFINITE_RECURSION = YES;
				CLANG_WARN_INT_CONVERSION = YES;
				CLANG_WARN_NON_LITERAL_NULL_CONVERSION = YES;
				CLANG_WARN_OBJC_IMPLICIT_RETAIN_SELF = YES;
				CLANG_WARN_OBJC_LITERAL_CONVERSION = YES;
				CLANG_WARN_OBJC_ROOT_CLASS = YES_ERROR;
				CLANG_WARN_RANGE_LOOP_ANALYSIS = YES;
				CLANG_WARN_STRICT_PROTOTYPES = YES;
				CLANG_WARN_SUSPICIOUS_MOVE = YES;
				CLANG_WARN_UNGUARDED_AVAILABILITY = YES_AGGRESSIVE;
				CLANG_WARN_UNREACHABLE_CODE = YES;
				CLANG_WARN__DUPLICATE_METHOD_MATCH = YES;
				CODE_SIGN_IDENTITY = "iPhone Developer";
				COPY_PHASE_STRIP = NO;
				DEBUG_INFORMATION_FORMAT = dwarf;
				ENABLE_STRICT_OBJC_MSGSEND = YES;
				ENABLE_TESTABILITY = YES;
				GCC_C_LANGUAGE_STANDARD = gnu11;
				GCC_DYNAMIC_NO_PIC = NO;
				GCC_NO_COMMON_BLOCKS = YES;
				GCC_OPTIMIZATION_LEVEL = 0;
				GCC_PREPROCESSOR_DEFINITIONS = (
					"DEBUG=1",
					"$(inherited)",
				);
				GCC_WARN_64_TO_32_BIT_CONVERSION = YES;
				GCC_WARN_ABOUT_RETURN_TYPE = YES_ERROR;
				GCC_WARN_UNDECLARED_SELECTOR = YES;
				GCC_WARN_UNINITIALIZED_AUTOS = YES_AGGRESSIVE;
				GCC_WARN_UNUSED_FUNCTION = YES;
				GCC_WARN_UNUSED_VARIABLE = YES;
				IPHONEOS_DEPLOYMENT_TARGET = 12.2;
				MTL_ENABLE_DEBUG_INFO = INCLUDE_SOURCE;
				MTL_FAST_MATH = YES;
				ONLY_ACTIVE_ARCH = YES;
				SDKROOT = iphoneos;
				SWIFT_ACTIVE_COMPILATION_CONDITIONS = DEBUG;
				SWIFT_OPTIMIZATION_LEVEL = "-Onone";
			};
			name = Debug;
		};
		64E0BA98229731D6005F4536 /* Release */ = {
			isa = XCBuildConfiguration;
			buildSettings = {
				ALWAYS_SEARCH_USER_PATHS = NO;
				CLANG_ANALYZER_NONNULL = YES;
				CLANG_ANALYZER_NUMBER_OBJECT_CONVERSION = YES_AGGRESSIVE;
				CLANG_CXX_LANGUAGE_STANDARD = "gnu++14";
				CLANG_CXX_LIBRARY = "libc++";
				CLANG_ENABLE_MODULES = YES;
				CLANG_ENABLE_OBJC_ARC = YES;
				CLANG_ENABLE_OBJC_WEAK = YES;
				CLANG_WARN_BLOCK_CAPTURE_AUTORELEASING = YES;
				CLANG_WARN_BOOL_CONVERSION = YES;
				CLANG_WARN_COMMA = YES;
				CLANG_WARN_CONSTANT_CONVERSION = YES;
				CLANG_WARN_DEPRECATED_OBJC_IMPLEMENTATIONS = YES;
				CLANG_WARN_DIRECT_OBJC_ISA_USAGE = YES_ERROR;
				CLANG_WARN_DOCUMENTATION_COMMENTS = YES;
				CLANG_WARN_EMPTY_BODY = YES;
				CLANG_WARN_ENUM_CONVERSION = YES;
				CLANG_WARN_INFINITE_RECURSION = YES;
				CLANG_WARN_INT_CONVERSION = YES;
				CLANG_WARN_NON_LITERAL_NULL_CONVERSION = YES;
				CLANG_WARN_OBJC_IMPLICIT_RETAIN_SELF = YES;
				CLANG_WARN_OBJC_LITERAL_CONVERSION = YES;
				CLANG_WARN_OBJC_ROOT_CLASS = YES_ERROR;
				CLANG_WARN_RANGE_LOOP_ANALYSIS = YES;
				CLANG_WARN_STRICT_PROTOTYPES = YES;
				CLANG_WARN_SUSPICIOUS_MOVE = YES;
				CLANG_WARN_UNGUARDED_AVAILABILITY = YES_AGGRESSIVE;
				CLANG_WARN_UNREACHABLE_CODE = YES;
				CLANG_WARN__DUPLICATE_METHOD_MATCH = YES;
				CODE_SIGN_IDENTITY = "iPhone Developer";
				COPY_PHASE_STRIP = NO;
				DEBUG_INFORMATION_FORMAT = "dwarf-with-dsym";
				ENABLE_NS_ASSERTIONS = NO;
				ENABLE_STRICT_OBJC_MSGSEND = YES;
				GCC_C_LANGUAGE_STANDARD = gnu11;
				GCC_NO_COMMON_BLOCKS = YES;
				GCC_WARN_64_TO_32_BIT_CONVERSION = YES;
				GCC_WARN_ABOUT_RETURN_TYPE = YES_ERROR;
				GCC_WARN_UNDECLARED_SELECTOR = YES;
				GCC_WARN_UNINITIALIZED_AUTOS = YES_AGGRESSIVE;
				GCC_WARN_UNUSED_FUNCTION = YES;
				GCC_WARN_UNUSED_VARIABLE = YES;
				IPHONEOS_DEPLOYMENT_TARGET = 12.2;
				MTL_ENABLE_DEBUG_INFO = NO;
				MTL_FAST_MATH = YES;
				SDKROOT = iphoneos;
				SWIFT_COMPILATION_MODE = wholemodule;
				SWIFT_OPTIMIZATION_LEVEL = "-O";
				VALIDATE_PRODUCT = YES;
			};
			name = Release;
		};
		64E0BA9A229731D6005F4536 /* Debug */ = {
			isa = XCBuildConfiguration;
			buildSettings = {
				ASSETCATALOG_COMPILER_APPICON_NAME = AppIcon;
				CODE_SIGN_STYLE = Automatic;
				DEVELOPMENT_TEAM = 62NEBR6MGL;
				INFOPLIST_FILE = VoyageVoyage/Info.plist;
				LD_RUNPATH_SEARCH_PATHS = (
					"$(inherited)",
					"@executable_path/Frameworks",
				);
				PRODUCT_BUNDLE_IDENTIFIER = be.Cr3AD.VoyageVoyage;
				PRODUCT_NAME = "$(TARGET_NAME)";
				SWIFT_VERSION = 5.0;
				TARGETED_DEVICE_FAMILY = "1,2";
			};
			name = Debug;
		};
		64E0BA9B229731D6005F4536 /* Release */ = {
			isa = XCBuildConfiguration;
			buildSettings = {
				ASSETCATALOG_COMPILER_APPICON_NAME = AppIcon;
				CODE_SIGN_STYLE = Automatic;
				DEVELOPMENT_TEAM = 62NEBR6MGL;
				INFOPLIST_FILE = VoyageVoyage/Info.plist;
				LD_RUNPATH_SEARCH_PATHS = (
					"$(inherited)",
					"@executable_path/Frameworks",
				);
				PRODUCT_BUNDLE_IDENTIFIER = be.Cr3AD.VoyageVoyage;
				PRODUCT_NAME = "$(TARGET_NAME)";
				SWIFT_VERSION = 5.0;
				TARGETED_DEVICE_FAMILY = "1,2";
			};
			name = Release;
		};
/* End XCBuildConfiguration section */

/* Begin XCConfigurationList section */
		6414A74E22A14584006774D6 /* Build configuration list for PBXNativeTarget "VoyageVoyageTests" */ = {
			isa = XCConfigurationList;
			buildConfigurations = (
				6414A74C22A14584006774D6 /* Debug */,
				6414A74D22A14584006774D6 /* Release */,
			);
			defaultConfigurationIsVisible = 0;
			defaultConfigurationName = Release;
		};
		64E0BA82229731D5005F4536 /* Build configuration list for PBXProject "VoyageVoyage" */ = {
			isa = XCConfigurationList;
			buildConfigurations = (
				64E0BA97229731D6005F4536 /* Debug */,
				64E0BA98229731D6005F4536 /* Release */,
			);
			defaultConfigurationIsVisible = 0;
			defaultConfigurationName = Release;
		};
		64E0BA99229731D6005F4536 /* Build configuration list for PBXNativeTarget "VoyageVoyage" */ = {
			isa = XCConfigurationList;
			buildConfigurations = (
				64E0BA9A229731D6005F4536 /* Debug */,
				64E0BA9B229731D6005F4536 /* Release */,
			);
			defaultConfigurationIsVisible = 0;
			defaultConfigurationName = Release;
		};
/* End XCConfigurationList section */
	};
	rootObject = 64E0BA7F229731D5005F4536 /* Project object */;
}
